
Microsoft Visual Studio Solution File, Format Version 12.00
# Visual Studio Version 16
VisualStudioVersion = 16.0.30204.135
MinimumVisualStudioVersion = 10.0.40219.1
Project("{9A19103F-16F7-4668-BE54-9A1E7A4F7556}") = "ConsultaCEP", "ConsultaCEP\ConsultaCEP.csproj", "{8BF1BA18-9A9F-4611-8F7C-B2C529D0A8C9}"
EndProject
Global
	GlobalSection(SolutionConfigurationPlatforms) = preSolution
		Debug|Any CPU = Debug|Any CPU
		Release|Any CPU = Release|Any CPU
	EndGlobalSection
	GlobalSection(ProjectConfigurationPlatforms) = postSolution
		{8BF1BA18-9A9F-4611-8F7C-B2C529D0A8C9}.Debug|Any CPU.ActiveCfg = Debug|Any CPU
		{8BF1BA18-9A9F-4611-8F7C-B2C529D0A8C9}.Debug|Any CPU.Build.0 = Debug|Any CPU
		{8BF1BA18-9A9F-4611-8F7C-B2C529D0A8C9}.Release|Any CPU.ActiveCfg = Release|Any CPU
		{8BF1BA18-9A9F-4611-8F7C-B2C529D0A8C9}.Release|Any CPU.Build.0 = Release|Any CPU
	EndGlobalSection
	GlobalSection(SolutionProperties) = preSolution
		HideSolutionNode = FALSE
	EndGlobalSection
	GlobalSection(ExtensibilityGlobals) = postSolution
		SolutionGuid = {752E2DC3-3F49-487F-AFE8-04AE6E73CA7A}
	EndGlobalSection
EndGlobal
